// !$*UTF8*$!
{
	archiveVersion = 1;
	classes = {
	};
	objectVersion = 50;
	objects = {

/* Begin PBXBuildFile section */
		3DB241F226C75D9300E138E6 /* AppDelegate.swift in Sources */ = {isa = PBXBuildFile; fileRef = 3DB241F126C75D9300E138E6 /* AppDelegate.swift */; };
		3DB241F426C75D9300E138E6 /* SceneDelegate.swift in Sources */ = {isa = PBXBuildFile; fileRef = 3DB241F326C75D9300E138E6 /* SceneDelegate.swift */; };
		3DB241F626C75D9300E138E6 /* ViewController.swift in Sources */ = {isa = PBXBuildFile; fileRef = 3DB241F526C75D9300E138E6 /* ViewController.swift */; };
		3DB241F926C75D9300E138E6 /* Main.storyboard in Resources */ = {isa = PBXBuildFile; fileRef = 3DB241F726C75D9300E138E6 /* Main.storyboard */; };
		3DB241FB26C75D9300E138E6 /* Assets.xcassets in Resources */ = {isa = PBXBuildFile; fileRef = 3DB241FA26C75D9300E138E6 /* Assets.xcassets */; };
		3DB241FE26C75D9300E138E6 /* LaunchScreen.storyboard in Resources */ = {isa = PBXBuildFile; fileRef = 3DB241FC26C75D9300E138E6 /* LaunchScreen.storyboard */; };
		3DB2420C26C7609500E138E6 /* Media.xcassets in Resources */ = {isa = PBXBuildFile; fileRef = 3DB2420B26C7609500E138E6 /* Media.xcassets */; };
		3DB2420E26C7609500E138E6 /* ActionViewController.swift in Sources */ = {isa = PBXBuildFile; fileRef = 3DB2420D26C7609500E138E6 /* ActionViewController.swift */; };
		3DB2421126C7609500E138E6 /* MainInterface.storyboard in Resources */ = {isa = PBXBuildFile; fileRef = 3DB2420F26C7609500E138E6 /* MainInterface.storyboard */; };
		3DB2421526C7609500E138E6 /* Extension.appex in Embed App Extensions */ = {isa = PBXBuildFile; fileRef = 3DB2420926C7609500E138E6 /* Extension.appex */; settings = {ATTRIBUTES = (RemoveHeadersOnCopy, ); }; };
		3DB2421B26C772F700E138E6 /* Action.js in Resources */ = {isa = PBXBuildFile; fileRef = 3DB2421A26C772F700E138E6 /* Action.js */; };
/* End PBXBuildFile section */

/* Begin PBXContainerItemProxy section */
		3DB2421326C7609500E138E6 /* PBXContainerItemProxy */ = {
			isa = PBXContainerItemProxy;
			containerPortal = 3DB241E626C75D9300E138E6 /* Project object */;
			proxyType = 1;
			remoteGlobalIDString = 3DB2420826C7609500E138E6;
			remoteInfo = Extension;
		};
/* End PBXContainerItemProxy section */

/* Begin PBXCopyFilesBuildPhase section */
		3DB2421926C7609500E138E6 /* Embed App Extensions */ = {
			isa = PBXCopyFilesBuildPhase;
			buildActionMask = 2147483647;
			dstPath = "";
			dstSubfolderSpec = 13;
			files = (
				3DB2421526C7609500E138E6 /* Extension.appex in Embed App Extensions */,
			);
			name = "Embed App Extensions";
			runOnlyForDeploymentPostprocessing = 0;
		};
/* End PBXCopyFilesBuildPhase section */

/* Begin PBXFileReference section */
		3DB241EE26C75D9300E138E6 /* Project19.app */ = {isa = PBXFileReference; explicitFileType = wrapper.application; includeInIndex = 0; path = Project19.app; sourceTree = BUILT_PRODUCTS_DIR; };
		3DB241F126C75D9300E138E6 /* AppDelegate.swift */ = {isa = PBXFileReference; lastKnownFileType = sourcecode.swift; path = AppDelegate.swift; sourceTree = "<group>"; };
		3DB241F326C75D9300E138E6 /* SceneDelegate.swift */ = {isa = PBXFileReference; lastKnownFileType = sourcecode.swift; path = SceneDelegate.swift; sourceTree = "<group>"; };
		3DB241F526C75D9300E138E6 /* ViewController.swift */ = {isa = PBXFileReference; lastKnownFileType = sourcecode.swift; path = ViewController.swift; sourceTree = "<group>"; };
		3DB241F826C75D9300E138E6 /* Base */ = {isa = PBXFileReference; lastKnownFileType = file.storyboard; name = Base; path = Base.lproj/Main.storyboard; sourceTree = "<group>"; };
		3DB241FA26C75D9300E138E6 /* Assets.xcassets */ = {isa = PBXFileReference; lastKnownFileType = folder.assetcatalog; path = Assets.xcassets; sourceTree = "<group>"; };
		3DB241FD26C75D9300E138E6 /* Base */ = {isa = PBXFileReference; lastKnownFileType = file.storyboard; name = Base; path = Base.lproj/LaunchScreen.storyboard; sourceTree = "<group>"; };
		3DB241FF26C75D9400E138E6 /* Info.plist */ = {isa = PBXFileReference; lastKnownFileType = text.plist.xml; path = Info.plist; sourceTree = "<group>"; };
		3DB2420926C7609500E138E6 /* Extension.appex */ = {isa = PBXFileReference; explicitFileType = "wrapper.app-extension"; includeInIndex = 0; path = Extension.appex; sourceTree = BUILT_PRODUCTS_DIR; };
		3DB2420B26C7609500E138E6 /* Media.xcassets */ = {isa = PBXFileReference; lastKnownFileType = folder.assetcatalog; path = Media.xcassets; sourceTree = "<group>"; };
		3DB2420D26C7609500E138E6 /* ActionViewController.swift */ = {isa = PBXFileReference; lastKnownFileType = sourcecode.swift; path = ActionViewController.swift; sourceTree = "<group>"; };
		3DB2421026C7609500E138E6 /* Base */ = {isa = PBXFileReference; lastKnownFileType = file.storyboard; name = Base; path = Base.lproj/MainInterface.storyboard; sourceTree = "<group>"; };
		3DB2421226C7609500E138E6 /* Info.plist */ = {isa = PBXFileReference; lastKnownFileType = text.plist.xml; path = Info.plist; sourceTree = "<group>"; };
		3DB2421A26C772F700E138E6 /* Action.js */ = {isa = PBXFileReference; lastKnownFileType = sourcecode.javascript; path = Action.js; sourceTree = "<group>"; };
/* End PBXFileReference section */

/* Begin PBXFrameworksBuildPhase section */
		3DB241EB26C75D9300E138E6 /* Frameworks */ = {
			isa = PBXFrameworksBuildPhase;
			buildActionMask = 2147483647;
			files = (
			);
			runOnlyForDeploymentPostprocessing = 0;
		};
		3DB2420626C7609500E138E6 /* Frameworks */ = {
			isa = PBXFrameworksBuildPhase;
			buildActionMask = 2147483647;
			files = (
			);
			runOnlyForDeploymentPostprocessing = 0;
		};
/* End PBXFrameworksBuildPhase section */

/* Begin PBXGroup section */
		3DB241E526C75D9300E138E6 = {
			isa = PBXGroup;
			children = (
				3DB241F026C75D9300E138E6 /* Project19 */,
				3DB2420A26C7609500E138E6 /* Extension */,
				3DB241EF26C75D9300E138E6 /* Products */,
			);
			sourceTree = "<group>";
		};
		3DB241EF26C75D9300E138E6 /* Products */ = {
			isa = PBXGroup;
			children = (
				3DB241EE26C75D9300E138E6 /* Project19.app */,
				3DB2420926C7609500E138E6 /* Extension.appex */,
			);
			name = Products;
			sourceTree = "<group>";
		};
		3DB241F026C75D9300E138E6 /* Project19 */ = {
			isa = PBXGroup;
			children = (
				3DB241F126C75D9300E138E6 /* AppDelegate.swift */,
				3DB241F326C75D9300E138E6 /* SceneDelegate.swift */,
				3DB241F526C75D9300E138E6 /* ViewController.swift */,
				3DB241F726C75D9300E138E6 /* Main.storyboard */,
				3DB241FA26C75D9300E138E6 /* Assets.xcassets */,
				3DB241FC26C75D9300E138E6 /* LaunchScreen.storyboard */,
				3DB241FF26C75D9400E138E6 /* Info.plist */,
			);
			path = Project19;
			sourceTree = "<group>";
		};
		3DB2420A26C7609500E138E6 /* Extension */ = {
			isa = PBXGroup;
			children = (
				3DB2420B26C7609500E138E6 /* Media.xcassets */,
				3DB2420D26C7609500E138E6 /* ActionViewController.swift */,
				3DB2420F26C7609500E138E6 /* MainInterface.storyboard */,
				3DB2421226C7609500E138E6 /* Info.plist */,
				3DB2421A26C772F700E138E6 /* Action.js */,
			);
			path = Extension;
			sourceTree = "<group>";
		};
/* End PBXGroup section */

/* Begin PBXNativeTarget section */
		3DB241ED26C75D9300E138E6 /* Project19 */ = {
			isa = PBXNativeTarget;
			buildConfigurationList = 3DB2420226C75D9400E138E6 /* Build configuration list for PBXNativeTarget "Project19" */;
			buildPhases = (
				3DB241EA26C75D9300E138E6 /* Sources */,
				3DB241EB26C75D9300E138E6 /* Frameworks */,
				3DB241EC26C75D9300E138E6 /* Resources */,
				3DB2421926C7609500E138E6 /* Embed App Extensions */,
			);
			buildRules = (
			);
			dependencies = (
				3DB2421426C7609500E138E6 /* PBXTargetDependency */,
			);
			name = Project19;
			productName = Project19;
			productReference = 3DB241EE26C75D9300E138E6 /* Project19.app */;
			productType = "com.apple.product-type.application";
		};
		3DB2420826C7609500E138E6 /* Extension */ = {
			isa = PBXNativeTarget;
			buildConfigurationList = 3DB2421626C7609500E138E6 /* Build configuration list for PBXNativeTarget "Extension" */;
			buildPhases = (
				3DB2420526C7609500E138E6 /* Sources */,
				3DB2420626C7609500E138E6 /* Frameworks */,
				3DB2420726C7609500E138E6 /* Resources */,
			);
			buildRules = (
			);
			dependencies = (
			);
			name = Extension;
			productName = Extension;
			productReference = 3DB2420926C7609500E138E6 /* Extension.appex */;
			productType = "com.apple.product-type.app-extension";
		};
/* End PBXNativeTarget section */

/* Begin PBXProject section */
		3DB241E626C75D9300E138E6 /* Project object */ = {
			isa = PBXProject;
			attributes = {
				LastSwiftUpdateCheck = 1250;
				LastUpgradeCheck = 1250;
				TargetAttributes = {
					3DB241ED26C75D9300E138E6 = {
						CreatedOnToolsVersion = 12.5.1;
					};
					3DB2420826C7609500E138E6 = {
						CreatedOnToolsVersion = 12.5.1;
					};
				};
			};
			buildConfigurationList = 3DB241E926C75D9300E138E6 /* Build configuration list for PBXProject "Project19" */;
			compatibilityVersion = "Xcode 9.3";
			developmentRegion = en;
			hasScannedForEncodings = 0;
			knownRegions = (
				en,
				Base,
			);
			mainGroup = 3DB241E526C75D9300E138E6;
			productRefGroup = 3DB241EF26C75D9300E138E6 /* Products */;
			projectDirPath = "";
			projectRoot = "";
			targets = (
				3DB241ED26C75D9300E138E6 /* Project19 */,
				3DB2420826C7609500E138E6 /* Extension */,
			);
		};
/* End PBXProject section */

/* Begin PBXResourcesBuildPhase section */
		3DB241EC26C75D9300E138E6 /* Resources */ = {
			isa = PBXResourcesBuildPhase;
			buildActionMask = 2147483647;
			files = (
				3DB241FE26C75D9300E138E6 /* LaunchScreen.storyboard in Resources */,
				3DB241FB26C75D9300E138E6 /* Assets.xcassets in Resources */,
				3DB241F926C75D9300E138E6 /* Main.storyboard in Resources */,
			);
			runOnlyForDeploymentPostprocessing = 0;
		};
		3DB2420726C7609500E138E6 /* Resources */ = {
			isa = PBXResourcesBuildPhase;
			buildActionMask = 2147483647;
			files = (
				3DB2421B26C772F700E138E6 /* Action.js in Resources */,
				3DB2420C26C7609500E138E6 /* Media.xcassets in Resources */,
				3DB2421126C7609500E138E6 /* MainInterface.storyboard in Resources */,
			);
			runOnlyForDeploymentPostprocessing = 0;
		};
/* End PBXResourcesBuildPhase section */

/* Begin PBXSourcesBuildPhase section */
		3DB241EA26C75D9300E138E6 /* Sources */ = {
			isa = PBXSourcesBuildPhase;
			buildActionMask = 2147483647;
			files = (
				3DB241F626C75D9300E138E6 /* ViewController.swift in Sources */,
				3DB241F226C75D9300E138E6 /* AppDelegate.swift in Sources */,
				3DB241F426C75D9300E138E6 /* SceneDelegate.swift in Sources */,
			);
			runOnlyForDeploymentPostprocessing = 0;
		};
		3DB2420526C7609500E138E6 /* Sources */ = {
			isa = PBXSourcesBuildPhase;
			buildActionMask = 2147483647;
			files = (
				3DB2420E26C7609500E138E6 /* ActionViewController.swift in Sources */,
			);
			runOnlyForDeploymentPostprocessing = 0;
		};
/* End PBXSourcesBuildPhase section */

/* Begin PBXTargetDependency section */
		3DB2421426C7609500E138E6 /* PBXTargetDependency */ = {
			isa = PBXTargetDependency;
			target = 3DB2420826C7609500E138E6 /* Extension */;
			targetProxy = 3DB2421326C7609500E138E6 /* PBXContainerItemProxy */;
		};
/* End PBXTargetDependency section */

/* Begin PBXVariantGroup section */
		3DB241F726C75D9300E138E6 /* Main.storyboard */ = {
			isa = PBXVariantGroup;
			children = (
				3DB241F826C75D9300E138E6 /* Base */,
			);
			name = Main.storyboard;
			sourceTree = "<group>";
		};
		3DB241FC26C75D9300E138E6 /* LaunchScreen.storyboard */ = {
			isa = PBXVariantGroup;
			children = (
				3DB241FD26C75D9300E138E6 /* Base */,
			);
			name = LaunchScreen.storyboard;
			sourceTree = "<group>";
		};
		3DB2420F26C7609500E138E6 /* MainInterface.storyboard */ = {
			isa = PBXVariantGroup;
			children = (
				3DB2421026C7609500E138E6 /* Base */,
			);
			name = MainInterface.storyboard;
			sourceTree = "<group>";
		};
/* End PBXVariantGroup section */

/* Begin XCBuildConfiguration section */
		3DB2420026C75D9400E138E6 /* Debug */ = {
			isa = XCBuildConfiguration;
			buildSettings = {
				ALWAYS_SEARCH_USER_PATHS = NO;
				CLANG_ANALYZER_NONNULL = YES;
				CLANG_ANALYZER_NUMBER_OBJECT_CONVERSION = YES_AGGRESSIVE;
				CLANG_CXX_LANGUAGE_STANDARD = "gnu++14";
				CLANG_CXX_LIBRARY = "libc++";
				CLANG_ENABLE_MODULES = YES;
				CLANG_ENABLE_OBJC_ARC = YES;
				CLANG_ENABLE_OBJC_WEAK = YES;
				CLANG_WARN_BLOCK_CAPTURE_AUTORELEASING = YES;
				CLANG_WARN_BOOL_CONVERSION = YES;
				CLANG_WARN_COMMA = YES;
				CLANG_WARN_CONSTANT_CONVERSION = YES;
				CLANG_WARN_DEPRECATED_OBJC_IMPLEMENTATIONS = YES;
				CLANG_WARN_DIRECT_OBJC_ISA_USAGE = YES_ERROR;
				CLANG_WARN_DOCUMENTATION_COMMENTS = YES;
				CLANG_WARN_EMPTY_BODY = YES;
				CLANG_WARN_ENUM_CONVERSION = YES;
				CLANG_WARN_INFINITE_RECURSION = YES;
				CLANG_WARN_INT_CONVERSION = YES;
				CLANG_WARN_NON_LITERAL_NULL_CONVERSION = YES;
				CLANG_WARN_OBJC_IMPLICIT_RETAIN_SELF = YES;
				CLANG_WARN_OBJC_LITERAL_CONVERSION = YES;
				CLANG_WARN_OBJC_ROOT_CLASS = YES_ERROR;
				CLANG_WARN_QUOTED_INCLUDE_IN_FRAMEWORK_HEADER = YES;
				CLANG_WARN_RANGE_LOOP_ANALYSIS = YES;
				CLANG_WARN_STRICT_PROTOTYPES = YES;
				CLANG_WARN_SUSPICIOUS_MOVE = YES;
				CLANG_WARN_UNGUARDED_AVAILABILITY = YES_AGGRESSIVE;
				CLANG_WARN_UNREACHABLE_CODE = YES;
				CLANG_WARN__DUPLICATE_METHOD_MATCH = YES;
				COPY_PHASE_STRIP = NO;
				DEBUG_INFORMATION_FORMAT = dwarf;
				ENABLE_STRICT_OBJC_MSGSEND = YES;
				ENABLE_TESTABILITY = YES;
				GCC_C_LANGUAGE_STANDARD = gnu11;
				GCC_DYNAMIC_NO_PIC = NO;
				GCC_NO_COMMON_BLOCKS = YES;
				GCC_OPTIMIZATION_LEVEL = 0;
				GCC_PREPROCESSOR_DEFINITIONS = (
					"DEBUG=1",
					"$(inherited)",
				);
				GCC_WARN_64_TO_32_BIT_CONVERSION = YES;
				GCC_WARN_ABOUT_RETURN_TYPE = YES_ERROR;
				GCC_WARN_UNDECLARED_SELECTOR = YES;
				GCC_WARN_UNINITIALIZED_AUTOS = YES_AGGRESSIVE;
				GCC_WARN_UNUSED_FUNCTION = YES;
				GCC_WARN_UNUSED_VARIABLE = YES;
				IPHONEOS_DEPLOYMENT_TARGET = 14.5;
				MTL_ENABLE_DEBUG_INFO = INCLUDE_SOURCE;
				MTL_FAST_MATH = YES;
				ONLY_ACTIVE_ARCH = YES;
				SDKROOT = iphoneos;
				SWIFT_ACTIVE_COMPILATION_CONDITIONS = DEBUG;
				SWIFT_OPTIMIZATION_LEVEL = "-Onone";
			};
			name = Debug;
		};
		3DB2420126C75D9400E138E6 /* Release */ = {
			isa = XCBuildConfiguration;
			buildSettings = {
				ALWAYS_SEARCH_USER_PATHS = NO;
				CLANG_ANALYZER_NONNULL = YES;
				CLANG_ANALYZER_NUMBER_OBJECT_CONVERSION = YES_AGGRESSIVE;
				CLANG_CXX_LANGUAGE_STANDARD = "gnu++14";
				CLANG_CXX_LIBRARY = "libc++";
				CLANG_ENABLE_MODULES = YES;
				CLANG_ENABLE_OBJC_ARC = YES;
				CLANG_ENABLE_OBJC_WEAK = YES;
				CLANG_WARN_BLOCK_CAPTURE_AUTORELEASING = YES;
				CLANG_WARN_BOOL_CONVERSION = YES;
				CLANG_WARN_COMMA = YES;
				CLANG_WARN_CONSTANT_CONVERSION = YES;
				CLANG_WARN_DEPRECATED_OBJC_IMPLEMENTATIONS = YES;
				CLANG_WARN_DIRECT_OBJC_ISA_USAGE = YES_ERROR;
				CLANG_WARN_DOCUMENTATION_COMMENTS = YES;
				CLANG_WARN_EMPTY_BODY = YES;
				CLANG_WARN_ENUM_CONVERSION = YES;
				CLANG_WARN_INFINITE_RECURSION = YES;
				CLANG_WARN_INT_CONVERSION = YES;
				CLANG_WARN_NON_LITERAL_NULL_CONVERSION = YES;
				CLANG_WARN_OBJC_IMPLICIT_RETAIN_SELF = YES;
				CLANG_WARN_OBJC_LITERAL_CONVERSION = YES;
				CLANG_WARN_OBJC_ROOT_CLASS = YES_ERROR;
				CLANG_WARN_QUOTED_INCLUDE_IN_FRAMEWORK_HEADER = YES;
				CLANG_WARN_RANGE_LOOP_ANALYSIS = YES;
				CLANG_WARN_STRICT_PROTOTYPES = YES;
				CLANG_WARN_SUSPICIOUS_MOVE = YES;
				CLANG_WARN_UNGUARDED_AVAILABILITY = YES_AGGRESSIVE;
				CLANG_WARN_UNREACHABLE_CODE = YES;
				CLANG_WARN__DUPLICATE_METHOD_MATCH = YES;
				COPY_PHASE_STRIP = NO;
				DEBUG_INFORMATION_FORMAT = "dwarf-with-dsym";
				ENABLE_NS_ASSERTIONS = NO;
				ENABLE_STRICT_OBJC_MSGSEND = YES;
				GCC_C_LANGUAGE_STANDARD = gnu11;
				GCC_NO_COMMON_BLOCKS = YES;
				GCC_WARN_64_TO_32_BIT_CONVERSION = YES;
				GCC_WARN_ABOUT_RETURN_TYPE = YES_ERROR;
				GCC_WARN_UNDECLARED_SELECTOR = YES;
				GCC_WARN_UNINITIALIZED_AUTOS = YES_AGGRESSIVE;
				GCC_WARN_UNUSED_FUNCTION = YES;
				GCC_WARN_UNUSED_VARIABLE = YES;
				IPHONEOS_DEPLOYMENT_TARGET = 14.5;
				MTL_ENABLE_DEBUG_INFO = NO;
				MTL_FAST_MATH = YES;
				SDKROOT = iphoneos;
				SWIFT_COMPILATION_MODE = wholemodule;
				SWIFT_OPTIMIZATION_LEVEL = "-O";
				VALIDATE_PRODUCT = YES;
			};
			name = Release;
		};
		3DB2420326C75D9400E138E6 /* Debug */ = {
			isa = XCBuildConfiguration;
			buildSettings = {
				ALWAYS_EMBED_SWIFT_STANDARD_LIBRARIES = YES;
				ASSETCATALOG_COMPILER_APPICON_NAME = AppIcon;
				ASSETCATALOG_COMPILER_GLOBAL_ACCENT_COLOR_NAME = AccentColor;
				CODE_SIGN_STYLE = Automatic;
				DEVELOPMENT_TEAM = YUHDTGAY33;
				INFOPLIST_FILE = Project19/Info.plist;
				LD_RUNPATH_SEARCH_PATHS = (
					"$(inherited)",
					"@executable_path/Frameworks",
				);
				PRODUCT_BUNDLE_IDENTIFIER = hongjeongseob.Project19;
				PRODUCT_NAME = "$(TARGET_NAME)";
				SWIFT_VERSION = 5.0;
				TARGETED_DEVICE_FAMILY = "1,2";
			};
			name = Debug;
		};
		3DB2420426C75D9400E138E6 /* Release */ = {
			isa = XCBuildConfiguration;
			buildSettings = {
				ALWAYS_EMBED_SWIFT_STANDARD_LIBRARIES = YES;
				ASSETCATALOG_COMPILER_APPICON_NAME = AppIcon;
				ASSETCATALOG_COMPILER_GLOBAL_ACCENT_COLOR_NAME = AccentColor;
				CODE_SIGN_STYLE = Automatic;
				DEVELOPMENT_TEAM = YUHDTGAY33;
				INFOPLIST_FILE = Project19/Info.plist;
				LD_RUNPATH_SEARCH_PATHS = (
					"$(inherited)",
					"@executable_path/Frameworks",
				);
				PRODUCT_BUNDLE_IDENTIFIER = hongjeongseob.Project19;
				PRODUCT_NAME = "$(TARGET_NAME)";
				SWIFT_VERSION = 5.0;
				TARGETED_DEVICE_FAMILY = "1,2";
			};
			name = Release;
		};
		3DB2421726C7609500E138E6 /* Debug */ = {
			isa = XCBuildConfiguration;
			buildSettings = {
				CODE_SIGN_STYLE = Automatic;
				DEVELOPMENT_TEAM = YUHDTGAY33;
				INFOPLIST_FILE = Extension/Info.plist;
				LD_RUNPATH_SEARCH_PATHS = (
					"$(inherited)",
					"@executable_path/Frameworks",
					"@executable_path/../../Frameworks",
				);
				PRODUCT_BUNDLE_IDENTIFIER = hongjeongseob.Project19.Extension;
				PRODUCT_NAME = "$(TARGET_NAME)";
				SKIP_INSTALL = YES;
				SWIFT_VERSION = 5.0;
				TARGETED_DEVICE_FAMILY = "1,2";
			};
			name = Debug;
		};
		3DB2421826C7609500E138E6 /* Release */ = {
			isa = XCBuildConfiguration;
			buildSettings = {
				CODE_SIGN_STYLE = Automatic;
				DEVELOPMENT_TEAM = YUHDTGAY33;
				INFOPLIST_FILE = Extension/Info.plist;
				LD_RUNPATH_SEARCH_PATHS = (
					"$(inherited)",
					"@executable_path/Frameworks",
					"@executable_path/../../Frameworks",
				);
				PRODUCT_BUNDLE_IDENTIFIER = hongjeongseob.Project19.Extension;
				PRODUCT_NAME = "$(TARGET_NAME)";
				SKIP_INSTALL = YES;
				SWIFT_VERSION = 5.0;
				TARGETED_DEVICE_FAMILY = "1,2";
			};
			name = Release;
		};
/* End XCBuildConfiguration section */

/* Begin XCConfigurationList section */
		3DB241E926C75D9300E138E6 /* Build configuration list for PBXProject "Project19" */ = {
			isa = XCConfigurationList;
			buildConfigurations = (
				3DB2420026C75D9400E138E6 /* Debug */,
				3DB2420126C75D9400E138E6 /* Release */,
			);
			defaultConfigurationIsVisible = 0;
			defaultConfigurationName = Release;
		};
		3DB2420226C75D9400E138E6 /* Build configuration list for PBXNativeTarget "Project19" */ = {
			isa = XCConfigurationList;
			buildConfigurations = (
				3DB2420326C75D9400E138E6 /* Debug */,
				3DB2420426C75D9400E138E6 /* Release */,
			);
			defaultConfigurationIsVisible = 0;
			defaultConfigurationName = Release;
		};
		3DB2421626C7609500E138E6 /* Build configuration list for PBXNativeTarget "Extension" */ = {
			isa = XCConfigurationList;
			buildConfigurations = (
				3DB2421726C7609500E138E6 /* Debug */,
				3DB2421826C7609500E138E6 /* Release */,
			);
			defaultConfigurationIsVisible = 0;
			defaultConfigurationName = Release;
		};
/* End XCConfigurationList section */
	};
	rootObject = 3DB241E626C75D9300E138E6 /* Project object */;
}
