// !$*UTF8*$!
{
	archiveVersion = 1;
	classes = {
	};
	objectVersion = 52;
	objects = {

/* Begin PBXBuildFile section */
		3D0F705C26BCC45C003BA254 /* SVGKit in Frameworks */ = {isa = PBXBuildFile; productRef = 3D0F705B26BCC45C003BA254 /* SVGKit */; };
		3D0F705E26BCC45C003BA254 /* SVGKitSwift in Frameworks */ = {isa = PBXBuildFile; productRef = 3D0F705D26BCC45C003BA254 /* SVGKitSwift */; };
		3DC8E44E26BCA071007D489D /* CountriesInfo.json in Resources */ = {isa = PBXBuildFile; fileRef = 3DC8E44D26BCA071007D489D /* CountriesInfo.json */; };
		3DD3F10826BC993800A319E3 /* AppDelegate.swift in Sources */ = {isa = PBXBuildFile; fileRef = 3DD3F10726BC993800A319E3 /* AppDelegate.swift */; };
		3DD3F10A26BC993800A319E3 /* SceneDelegate.swift in Sources */ = {isa = PBXBuildFile; fileRef = 3DD3F10926BC993800A319E3 /* SceneDelegate.swift */; };
		3DD3F10C26BC993800A319E3 /* CountryTableViewController.swift in Sources */ = {isa = PBXBuildFile; fileRef = 3DD3F10B26BC993800A319E3 /* CountryTableViewController.swift */; };
		3DD3F10F26BC993800A319E3 /* Main.storyboard in Resources */ = {isa = PBXBuildFile; fileRef = 3DD3F10D26BC993800A319E3 /* Main.storyboard */; };
		3DD3F11126BC993900A319E3 /* Assets.xcassets in Resources */ = {isa = PBXBuildFile; fileRef = 3DD3F11026BC993900A319E3 /* Assets.xcassets */; };
		3DD3F11426BC993900A319E3 /* LaunchScreen.storyboard in Resources */ = {isa = PBXBuildFile; fileRef = 3DD3F11226BC993900A319E3 /* LaunchScreen.storyboard */; };
		3DD3F11E26BC99A300A319E3 /* CountryDetailViewController.swift in Sources */ = {isa = PBXBuildFile; fileRef = 3DD3F11D26BC99A300A319E3 /* CountryDetailViewController.swift */; };
		3DD3F12126BC99FF00A319E3 /* Country.swift in Sources */ = {isa = PBXBuildFile; fileRef = 3DD3F12026BC99FF00A319E3 /* Country.swift */; };
/* End PBXBuildFile section */

/* Begin PBXFileReference section */
		3DC8E44D26BCA071007D489D /* CountriesInfo.json */ = {isa = PBXFileReference; fileEncoding = 4; lastKnownFileType = text.json; path = CountriesInfo.json; sourceTree = "<group>"; };
		3DD3F10426BC993800A319E3 /* Projects Consolidation 13-15.app */ = {isa = PBXFileReference; explicitFileType = wrapper.application; includeInIndex = 0; path = "Projects Consolidation 13-15.app"; sourceTree = BUILT_PRODUCTS_DIR; };
		3DD3F10726BC993800A319E3 /* AppDelegate.swift */ = {isa = PBXFileReference; lastKnownFileType = sourcecode.swift; path = AppDelegate.swift; sourceTree = "<group>"; };
		3DD3F10926BC993800A319E3 /* SceneDelegate.swift */ = {isa = PBXFileReference; lastKnownFileType = sourcecode.swift; path = SceneDelegate.swift; sourceTree = "<group>"; };
		3DD3F10B26BC993800A319E3 /* CountryTableViewController.swift */ = {isa = PBXFileReference; lastKnownFileType = sourcecode.swift; path = CountryTableViewController.swift; sourceTree = "<group>"; };
		3DD3F10E26BC993800A319E3 /* Base */ = {isa = PBXFileReference; lastKnownFileType = file.storyboard; name = Base; path = Base.lproj/Main.storyboard; sourceTree = "<group>"; };
		3DD3F11026BC993900A319E3 /* Assets.xcassets */ = {isa = PBXFileReference; lastKnownFileType = folder.assetcatalog; path = Assets.xcassets; sourceTree = "<group>"; };
		3DD3F11326BC993900A319E3 /* Base */ = {isa = PBXFileReference; lastKnownFileType = file.storyboard; name = Base; path = Base.lproj/LaunchScreen.storyboard; sourceTree = "<group>"; };
		3DD3F11526BC993900A319E3 /* Info.plist */ = {isa = PBXFileReference; lastKnownFileType = text.plist.xml; path = Info.plist; sourceTree = "<group>"; };
		3DD3F11D26BC99A300A319E3 /* CountryDetailViewController.swift */ = {isa = PBXFileReference; lastKnownFileType = sourcecode.swift; path = CountryDetailViewController.swift; sourceTree = "<group>"; };
		3DD3F12026BC99FF00A319E3 /* Country.swift */ = {isa = PBXFileReference; lastKnownFileType = sourcecode.swift; path = Country.swift; sourceTree = "<group>"; };
/* End PBXFileReference section */

/* Begin PBXFrameworksBuildPhase section */
		3DD3F10126BC993800A319E3 /* Frameworks */ = {
			isa = PBXFrameworksBuildPhase;
			buildActionMask = 2147483647;
			files = (
				3D0F705E26BCC45C003BA254 /* SVGKitSwift in Frameworks */,
				3D0F705C26BCC45C003BA254 /* SVGKit in Frameworks */,
			);
			runOnlyForDeploymentPostprocessing = 0;
		};
/* End PBXFrameworksBuildPhase section */

/* Begin PBXGroup section */
		3DD3F0FB26BC993800A319E3 = {
			isa = PBXGroup;
			children = (
				3DD3F10626BC993800A319E3 /* Projects Consolidation 13-15 */,
				3DD3F10526BC993800A319E3 /* Products */,
			);
			sourceTree = "<group>";
		};
		3DD3F10526BC993800A319E3 /* Products */ = {
			isa = PBXGroup;
			children = (
				3DD3F10426BC993800A319E3 /* Projects Consolidation 13-15.app */,
			);
			name = Products;
			sourceTree = "<group>";
		};
		3DD3F10626BC993800A319E3 /* Projects Consolidation 13-15 */ = {
			isa = PBXGroup;
			children = (
				3DD3F11C26BC996700A319E3 /* AppDelegate */,
				3DD3F11F26BC99EC00A319E3 /* Models */,
				3DD3F11B26BC995D00A319E3 /* Views */,
				3DD3F11026BC993900A319E3 /* Assets.xcassets */,
				3DD3F11526BC993900A319E3 /* Info.plist */,
				3DC8E44D26BCA071007D489D /* CountriesInfo.json */,
			);
			path = "Projects Consolidation 13-15";
			sourceTree = "<group>";
		};
		3DD3F11B26BC995D00A319E3 /* Views */ = {
			isa = PBXGroup;
			children = (
				3DD3F10B26BC993800A319E3 /* CountryTableViewController.swift */,
				3DD3F11D26BC99A300A319E3 /* CountryDetailViewController.swift */,
				3DD3F10D26BC993800A319E3 /* Main.storyboard */,
			);
			path = Views;
			sourceTree = "<group>";
		};
		3DD3F11C26BC996700A319E3 /* AppDelegate */ = {
			isa = PBXGroup;
			children = (
				3DD3F10726BC993800A319E3 /* AppDelegate.swift */,
				3DD3F10926BC993800A319E3 /* SceneDelegate.swift */,
				3DD3F11226BC993900A319E3 /* LaunchScreen.storyboard */,
			);
			path = AppDelegate;
			sourceTree = "<group>";
		};
		3DD3F11F26BC99EC00A319E3 /* Models */ = {
			isa = PBXGroup;
			children = (
				3DD3F12026BC99FF00A319E3 /* Country.swift */,
			);
			path = Models;
			sourceTree = "<group>";
		};
/* End PBXGroup section */

/* Begin PBXNativeTarget section */
		3DD3F10326BC993800A319E3 /* Projects Consolidation 13-15 */ = {
			isa = PBXNativeTarget;
			buildConfigurationList = 3DD3F11826BC993900A319E3 /* Build configuration list for PBXNativeTarget "Projects Consolidation 13-15" */;
			buildPhases = (
				3DD3F10026BC993800A319E3 /* Sources */,
				3DD3F10126BC993800A319E3 /* Frameworks */,
				3DD3F10226BC993800A319E3 /* Resources */,
			);
			buildRules = (
			);
			dependencies = (
			);
			name = "Projects Consolidation 13-15";
			packageProductDependencies = (
				3D0F705B26BCC45C003BA254 /* SVGKit */,
				3D0F705D26BCC45C003BA254 /* SVGKitSwift */,
			);
			productName = "Projects Consolidation 13-15";
			productReference = 3DD3F10426BC993800A319E3 /* Projects Consolidation 13-15.app */;
			productType = "com.apple.product-type.application";
		};
/* End PBXNativeTarget section */

/* Begin PBXProject section */
		3DD3F0FC26BC993800A319E3 /* Project object */ = {
			isa = PBXProject;
			attributes = {
				LastSwiftUpdateCheck = 1250;
				LastUpgradeCheck = 1250;
				TargetAttributes = {
					3DD3F10326BC993800A319E3 = {
						CreatedOnToolsVersion = 12.5.1;
					};
				};
			};
			buildConfigurationList = 3DD3F0FF26BC993800A319E3 /* Build configuration list for PBXProject "Projects Consolidation 13-15" */;
			compatibilityVersion = "Xcode 9.3";
			developmentRegion = en;
			hasScannedForEncodings = 0;
			knownRegions = (
				en,
				Base,
			);
			mainGroup = 3DD3F0FB26BC993800A319E3;
			packageReferences = (
				3D0F705A26BCC45C003BA254 /* XCRemoteSwiftPackageReference "SVGKit" */,
			);
			productRefGroup = 3DD3F10526BC993800A319E3 /* Products */;
			projectDirPath = "";
			projectRoot = "";
			targets = (
				3DD3F10326BC993800A319E3 /* Projects Consolidation 13-15 */,
			);
		};
/* End PBXProject section */

/* Begin PBXResourcesBuildPhase section */
		3DD3F10226BC993800A319E3 /* Resources */ = {
			isa = PBXResourcesBuildPhase;
			buildActionMask = 2147483647;
			files = (
				3DD3F11426BC993900A319E3 /* LaunchScreen.storyboard in Resources */,
				3DD3F11126BC993900A319E3 /* Assets.xcassets in Resources */,
				3DC8E44E26BCA071007D489D /* CountriesInfo.json in Resources */,
				3DD3F10F26BC993800A319E3 /* Main.storyboard in Resources */,
			);
			runOnlyForDeploymentPostprocessing = 0;
		};
/* End PBXResourcesBuildPhase section */

/* Begin PBXSourcesBuildPhase section */
		3DD3F10026BC993800A319E3 /* Sources */ = {
			isa = PBXSourcesBuildPhase;
			buildActionMask = 2147483647;
			files = (
				3DD3F10C26BC993800A319E3 /* CountryTableViewController.swift in Sources */,
				3DD3F10826BC993800A319E3 /* AppDelegate.swift in Sources */,
				3DD3F11E26BC99A300A319E3 /* CountryDetailViewController.swift in Sources */,
				3DD3F12126BC99FF00A319E3 /* Country.swift in Sources */,
				3DD3F10A26BC993800A319E3 /* SceneDelegate.swift in Sources */,
			);
			runOnlyForDeploymentPostprocessing = 0;
		};
/* End PBXSourcesBuildPhase section */

/* Begin PBXVariantGroup section */
		3DD3F10D26BC993800A319E3 /* Main.storyboard */ = {
			isa = PBXVariantGroup;
			children = (
				3DD3F10E26BC993800A319E3 /* Base */,
			);
			name = Main.storyboard;
			sourceTree = "<group>";
		};
		3DD3F11226BC993900A319E3 /* LaunchScreen.storyboard */ = {
			isa = PBXVariantGroup;
			children = (
				3DD3F11326BC993900A319E3 /* Base */,
			);
			name = LaunchScreen.storyboard;
			sourceTree = "<group>";
		};
/* End PBXVariantGroup section */

/* Begin XCBuildConfiguration section */
		3DD3F11626BC993900A319E3 /* Debug */ = {
			isa = XCBuildConfiguration;
			buildSettings = {
				ALWAYS_SEARCH_USER_PATHS = NO;
				CLANG_ANALYZER_NONNULL = YES;
				CLANG_ANALYZER_NUMBER_OBJECT_CONVERSION = YES_AGGRESSIVE;
				CLANG_CXX_LANGUAGE_STANDARD = "gnu++14";
				CLANG_CXX_LIBRARY = "libc++";
				CLANG_ENABLE_MODULES = YES;
				CLANG_ENABLE_OBJC_ARC = YES;
				CLANG_ENABLE_OBJC_WEAK = YES;
				CLANG_WARN_BLOCK_CAPTURE_AUTORELEASING = YES;
				CLANG_WARN_BOOL_CONVERSION = YES;
				CLANG_WARN_COMMA = YES;
				CLANG_WARN_CONSTANT_CONVERSION = YES;
				CLANG_WARN_DEPRECATED_OBJC_IMPLEMENTATIONS = YES;
				CLANG_WARN_DIRECT_OBJC_ISA_USAGE = YES_ERROR;
				CLANG_WARN_DOCUMENTATION_COMMENTS = YES;
				CLANG_WARN_EMPTY_BODY = YES;
				CLANG_WARN_ENUM_CONVERSION = YES;
				CLANG_WARN_INFINITE_RECURSION = YES;
				CLANG_WARN_INT_CONVERSION = YES;
				CLANG_WARN_NON_LITERAL_NULL_CONVERSION = YES;
				CLANG_WARN_OBJC_IMPLICIT_RETAIN_SELF = YES;
				CLANG_WARN_OBJC_LITERAL_CONVERSION = YES;
				CLANG_WARN_OBJC_ROOT_CLASS = YES_ERROR;
				CLANG_WARN_QUOTED_INCLUDE_IN_FRAMEWORK_HEADER = YES;
				CLANG_WARN_RANGE_LOOP_ANALYSIS = YES;
				CLANG_WARN_STRICT_PROTOTYPES = YES;
				CLANG_WARN_SUSPICIOUS_MOVE = YES;
				CLANG_WARN_UNGUARDED_AVAILABILITY = YES_AGGRESSIVE;
				CLANG_WARN_UNREACHABLE_CODE = YES;
				CLANG_WARN__DUPLICATE_METHOD_MATCH = YES;
				COPY_PHASE_STRIP = NO;
				DEBUG_INFORMATION_FORMAT = dwarf;
				ENABLE_STRICT_OBJC_MSGSEND = YES;
				ENABLE_TESTABILITY = YES;
				GCC_C_LANGUAGE_STANDARD = gnu11;
				GCC_DYNAMIC_NO_PIC = NO;
				GCC_NO_COMMON_BLOCKS = YES;
				GCC_OPTIMIZATION_LEVEL = 0;
				GCC_PREPROCESSOR_DEFINITIONS = (
					"DEBUG=1",
					"$(inherited)",
				);
				GCC_WARN_64_TO_32_BIT_CONVERSION = YES;
				GCC_WARN_ABOUT_RETURN_TYPE = YES_ERROR;
				GCC_WARN_UNDECLARED_SELECTOR = YES;
				GCC_WARN_UNINITIALIZED_AUTOS = YES_AGGRESSIVE;
				GCC_WARN_UNUSED_FUNCTION = YES;
				GCC_WARN_UNUSED_VARIABLE = YES;
				IPHONEOS_DEPLOYMENT_TARGET = 14.5;
				MTL_ENABLE_DEBUG_INFO = INCLUDE_SOURCE;
				MTL_FAST_MATH = YES;
				ONLY_ACTIVE_ARCH = YES;
				SDKROOT = iphoneos;
				SWIFT_ACTIVE_COMPILATION_CONDITIONS = DEBUG;
				SWIFT_OPTIMIZATION_LEVEL = "-Onone";
			};
			name = Debug;
		};
		3DD3F11726BC993900A319E3 /* Release */ = {
			isa = XCBuildConfiguration;
			buildSettings = {
				ALWAYS_SEARCH_USER_PATHS = NO;
				CLANG_ANALYZER_NONNULL = YES;
				CLANG_ANALYZER_NUMBER_OBJECT_CONVERSION = YES_AGGRESSIVE;
				CLANG_CXX_LANGUAGE_STANDARD = "gnu++14";
				CLANG_CXX_LIBRARY = "libc++";
				CLANG_ENABLE_MODULES = YES;
				CLANG_ENABLE_OBJC_ARC = YES;
				CLANG_ENABLE_OBJC_WEAK = YES;
				CLANG_WARN_BLOCK_CAPTURE_AUTORELEASING = YES;
				CLANG_WARN_BOOL_CONVERSION = YES;
				CLANG_WARN_COMMA = YES;
				CLANG_WARN_CONSTANT_CONVERSION = YES;
				CLANG_WARN_DEPRECATED_OBJC_IMPLEMENTATIONS = YES;
				CLANG_WARN_DIRECT_OBJC_ISA_USAGE = YES_ERROR;
				CLANG_WARN_DOCUMENTATION_COMMENTS = YES;
				CLANG_WARN_EMPTY_BODY = YES;
				CLANG_WARN_ENUM_CONVERSION = YES;
				CLANG_WARN_INFINITE_RECURSION = YES;
				CLANG_WARN_INT_CONVERSION = YES;
				CLANG_WARN_NON_LITERAL_NULL_CONVERSION = YES;
				CLANG_WARN_OBJC_IMPLICIT_RETAIN_SELF = YES;
				CLANG_WARN_OBJC_LITERAL_CONVERSION = YES;
				CLANG_WARN_OBJC_ROOT_CLASS = YES_ERROR;
				CLANG_WARN_QUOTED_INCLUDE_IN_FRAMEWORK_HEADER = YES;
				CLANG_WARN_RANGE_LOOP_ANALYSIS = YES;
				CLANG_WARN_STRICT_PROTOTYPES = YES;
				CLANG_WARN_SUSPICIOUS_MOVE = YES;
				CLANG_WARN_UNGUARDED_AVAILABILITY = YES_AGGRESSIVE;
				CLANG_WARN_UNREACHABLE_CODE = YES;
				CLANG_WARN__DUPLICATE_METHOD_MATCH = YES;
				COPY_PHASE_STRIP = NO;
				DEBUG_INFORMATION_FORMAT = "dwarf-with-dsym";
				ENABLE_NS_ASSERTIONS = NO;
				ENABLE_STRICT_OBJC_MSGSEND = YES;
				GCC_C_LANGUAGE_STANDARD = gnu11;
				GCC_NO_COMMON_BLOCKS = YES;
				GCC_WARN_64_TO_32_BIT_CONVERSION = YES;
				GCC_WARN_ABOUT_RETURN_TYPE = YES_ERROR;
				GCC_WARN_UNDECLARED_SELECTOR = YES;
				GCC_WARN_UNINITIALIZED_AUTOS = YES_AGGRESSIVE;
				GCC_WARN_UNUSED_FUNCTION = YES;
				GCC_WARN_UNUSED_VARIABLE = YES;
				IPHONEOS_DEPLOYMENT_TARGET = 14.5;
				MTL_ENABLE_DEBUG_INFO = NO;
				MTL_FAST_MATH = YES;
				SDKROOT = iphoneos;
				SWIFT_COMPILATION_MODE = wholemodule;
				SWIFT_OPTIMIZATION_LEVEL = "-O";
				VALIDATE_PRODUCT = YES;
			};
			name = Release;
		};
		3DD3F11926BC993900A319E3 /* Debug */ = {
			isa = XCBuildConfiguration;
			buildSettings = {
				ASSETCATALOG_COMPILER_APPICON_NAME = AppIcon;
				ASSETCATALOG_COMPILER_GLOBAL_ACCENT_COLOR_NAME = AccentColor;
				CODE_SIGN_STYLE = Automatic;
				DEVELOPMENT_TEAM = YUHDTGAY33;
				INFOPLIST_FILE = "Projects Consolidation 13-15/Info.plist";
				LD_RUNPATH_SEARCH_PATHS = (
					"$(inherited)",
					"@executable_path/Frameworks",
				);
				PRODUCT_BUNDLE_IDENTIFIER = "hongjeongseob.Projects-Consolidation-13-15";
				PRODUCT_NAME = "$(TARGET_NAME)";
				SWIFT_VERSION = 5.0;
				TARGETED_DEVICE_FAMILY = "1,2";
			};
			name = Debug;
		};
		3DD3F11A26BC993900A319E3 /* Release */ = {
			isa = XCBuildConfiguration;
			buildSettings = {
				ASSETCATALOG_COMPILER_APPICON_NAME = AppIcon;
				ASSETCATALOG_COMPILER_GLOBAL_ACCENT_COLOR_NAME = AccentColor;
				CODE_SIGN_STYLE = Automatic;
				DEVELOPMENT_TEAM = YUHDTGAY33;
				INFOPLIST_FILE = "Projects Consolidation 13-15/Info.plist";
				LD_RUNPATH_SEARCH_PATHS = (
					"$(inherited)",
					"@executable_path/Frameworks",
				);
				PRODUCT_BUNDLE_IDENTIFIER = "hongjeongseob.Projects-Consolidation-13-15";
				PRODUCT_NAME = "$(TARGET_NAME)";
				SWIFT_VERSION = 5.0;
				TARGETED_DEVICE_FAMILY = "1,2";
			};
			name = Release;
		};
/* End XCBuildConfiguration section */

/* Begin XCConfigurationList section */
		3DD3F0FF26BC993800A319E3 /* Build configuration list for PBXProject "Projects Consolidation 13-15" */ = {
			isa = XCConfigurationList;
			buildConfigurations = (
				3DD3F11626BC993900A319E3 /* Debug */,
				3DD3F11726BC993900A319E3 /* Release */,
			);
			defaultConfigurationIsVisible = 0;
			defaultConfigurationName = Release;
		};
		3DD3F11826BC993900A319E3 /* Build configuration list for PBXNativeTarget "Projects Consolidation 13-15" */ = {
			isa = XCConfigurationList;
			buildConfigurations = (
				3DD3F11926BC993900A319E3 /* Debug */,
				3DD3F11A26BC993900A319E3 /* Release */,
			);
			defaultConfigurationIsVisible = 0;
			defaultConfigurationName = Release;
		};
/* End XCConfigurationList section */

/* Begin XCRemoteSwiftPackageReference section */
		3D0F705A26BCC45C003BA254 /* XCRemoteSwiftPackageReference "SVGKit" */ = {
			isa = XCRemoteSwiftPackageReference;
			repositoryURL = "https://github.com/SVGKit/SVGKit.git";
			requirement = {
				kind = upToNextMajorVersion;
				minimumVersion = 3.0.0;
			};
		};
/* End XCRemoteSwiftPackageReference section */

/* Begin XCSwiftPackageProductDependency section */
		3D0F705B26BCC45C003BA254 /* SVGKit */ = {
			isa = XCSwiftPackageProductDependency;
			package = 3D0F705A26BCC45C003BA254 /* XCRemoteSwiftPackageReference "SVGKit" */;
			productName = SVGKit;
		};
		3D0F705D26BCC45C003BA254 /* SVGKitSwift */ = {
			isa = XCSwiftPackageProductDependency;
			package = 3D0F705A26BCC45C003BA254 /* XCRemoteSwiftPackageReference "SVGKit" */;
			productName = SVGKitSwift;
		};
/* End XCSwiftPackageProductDependency section */
	};
	rootObject = 3DD3F0FC26BC993800A319E3 /* Project object */;
}
