// !$*UTF8*$!
{
	archiveVersion = 1;
	classes = {
	};
	objectVersion = 50;
	objects = {

/* Begin PBXBuildFile section */
		3D86032D26B789330020B93F /* AppDelegate.swift in Sources */ = {isa = PBXBuildFile; fileRef = 3D86032C26B789330020B93F /* AppDelegate.swift */; };
		3D86032F26B789330020B93F /* GameScene.sks in Resources */ = {isa = PBXBuildFile; fileRef = 3D86032E26B789330020B93F /* GameScene.sks */; };
		3D86033326B789330020B93F /* GameScene.swift in Sources */ = {isa = PBXBuildFile; fileRef = 3D86033226B789330020B93F /* GameScene.swift */; };
		3D86033526B789330020B93F /* GameViewController.swift in Sources */ = {isa = PBXBuildFile; fileRef = 3D86033426B789330020B93F /* GameViewController.swift */; };
		3D86033826B789330020B93F /* Main.storyboard in Resources */ = {isa = PBXBuildFile; fileRef = 3D86033626B789330020B93F /* Main.storyboard */; };
		3D86033A26B789340020B93F /* Assets.xcassets in Resources */ = {isa = PBXBuildFile; fileRef = 3D86033926B789340020B93F /* Assets.xcassets */; };
		3D86034326B78A270020B93F /* whack.caf in Resources */ = {isa = PBXBuildFile; fileRef = 3D86034126B78A270020B93F /* whack.caf */; };
		3D86034426B78A270020B93F /* whackBad.caf in Resources */ = {isa = PBXBuildFile; fileRef = 3D86034226B78A270020B93F /* whackBad.caf */; };
		3D86034626B78DE80020B93F /* WhackSlot.swift in Sources */ = {isa = PBXBuildFile; fileRef = 3D86034526B78DE80020B93F /* WhackSlot.swift */; };
		3DE64B4026B92D9B00B8F1E1 /* gameOver.m4a in Resources */ = {isa = PBXBuildFile; fileRef = 3DE64B3F26B92D9B00B8F1E1 /* gameOver.m4a */; };
		3DE64B4326B931A300B8F1E1 /* EmitterSmoke.sks in Resources */ = {isa = PBXBuildFile; fileRef = 3DE64B4226B931A300B8F1E1 /* EmitterSmoke.sks */; };
		3DE64B4726B93ACE00B8F1E1 /* SKLabelNodes.swift in Sources */ = {isa = PBXBuildFile; fileRef = 3DE64B4626B93ACE00B8F1E1 /* SKLabelNodes.swift */; };
/* End PBXBuildFile section */

/* Begin PBXFileReference section */
		3D86032926B789330020B93F /* Project14.app */ = {isa = PBXFileReference; explicitFileType = wrapper.application; includeInIndex = 0; path = Project14.app; sourceTree = BUILT_PRODUCTS_DIR; };
		3D86032C26B789330020B93F /* AppDelegate.swift */ = {isa = PBXFileReference; lastKnownFileType = sourcecode.swift; path = AppDelegate.swift; sourceTree = "<group>"; };
		3D86032E26B789330020B93F /* GameScene.sks */ = {isa = PBXFileReference; lastKnownFileType = file.sks; path = GameScene.sks; sourceTree = "<group>"; };
		3D86033226B789330020B93F /* GameScene.swift */ = {isa = PBXFileReference; lastKnownFileType = sourcecode.swift; path = GameScene.swift; sourceTree = "<group>"; };
		3D86033426B789330020B93F /* GameViewController.swift */ = {isa = PBXFileReference; lastKnownFileType = sourcecode.swift; path = GameViewController.swift; sourceTree = "<group>"; };
		3D86033726B789330020B93F /* Base */ = {isa = PBXFileReference; lastKnownFileType = file.storyboard; name = Base; path = Base.lproj/Main.storyboard; sourceTree = "<group>"; };
		3D86033926B789340020B93F /* Assets.xcassets */ = {isa = PBXFileReference; lastKnownFileType = folder.assetcatalog; path = Assets.xcassets; sourceTree = "<group>"; };
		3D86033B26B789340020B93F /* Info.plist */ = {isa = PBXFileReference; lastKnownFileType = text.plist.xml; path = Info.plist; sourceTree = "<group>"; };
		3D86034126B78A270020B93F /* whack.caf */ = {isa = PBXFileReference; lastKnownFileType = file; path = whack.caf; sourceTree = "<group>"; };
		3D86034226B78A270020B93F /* whackBad.caf */ = {isa = PBXFileReference; lastKnownFileType = file; path = whackBad.caf; sourceTree = "<group>"; };
		3D86034526B78DE80020B93F /* WhackSlot.swift */ = {isa = PBXFileReference; lastKnownFileType = sourcecode.swift; path = WhackSlot.swift; sourceTree = "<group>"; };
		3DE64B3F26B92D9B00B8F1E1 /* gameOver.m4a */ = {isa = PBXFileReference; lastKnownFileType = file; path = gameOver.m4a; sourceTree = "<group>"; };
		3DE64B4226B931A300B8F1E1 /* EmitterSmoke.sks */ = {isa = PBXFileReference; lastKnownFileType = file.sks; path = EmitterSmoke.sks; sourceTree = "<group>"; };
		3DE64B4626B93ACE00B8F1E1 /* SKLabelNodes.swift */ = {isa = PBXFileReference; lastKnownFileType = sourcecode.swift; path = SKLabelNodes.swift; sourceTree = "<group>"; };
/* End PBXFileReference section */

/* Begin PBXFrameworksBuildPhase section */
		3D86032626B789330020B93F /* Frameworks */ = {
			isa = PBXFrameworksBuildPhase;
			buildActionMask = 2147483647;
			files = (
			);
			runOnlyForDeploymentPostprocessing = 0;
		};
/* End PBXFrameworksBuildPhase section */

/* Begin PBXGroup section */
		3D86032026B789330020B93F = {
			isa = PBXGroup;
			children = (
				3D86032B26B789330020B93F /* Project14 */,
				3D86032A26B789330020B93F /* Products */,
			);
			sourceTree = "<group>";
		};
		3D86032A26B789330020B93F /* Products */ = {
			isa = PBXGroup;
			children = (
				3D86032926B789330020B93F /* Project14.app */,
			);
			name = Products;
			sourceTree = "<group>";
		};
		3D86032B26B789330020B93F /* Project14 */ = {
			isa = PBXGroup;
			children = (
				3DE64B4126B92F2A00B8F1E1 /* EffectSounds */,
				3D86032C26B789330020B93F /* AppDelegate.swift */,
				3D86033426B789330020B93F /* GameViewController.swift */,
				3D86032E26B789330020B93F /* GameScene.sks */,
				3D86033226B789330020B93F /* GameScene.swift */,
				3DE64B4626B93ACE00B8F1E1 /* SKLabelNodes.swift */,
				3D86034526B78DE80020B93F /* WhackSlot.swift */,
				3DE64B4226B931A300B8F1E1 /* EmitterSmoke.sks */,
				3D86033626B789330020B93F /* Main.storyboard */,
				3D86033926B789340020B93F /* Assets.xcassets */,
				3D86033B26B789340020B93F /* Info.plist */,
			);
			path = Project14;
			sourceTree = "<group>";
		};
		3DE64B4126B92F2A00B8F1E1 /* EffectSounds */ = {
			isa = PBXGroup;
			children = (
				3D86034126B78A270020B93F /* whack.caf */,
				3D86034226B78A270020B93F /* whackBad.caf */,
				3DE64B3F26B92D9B00B8F1E1 /* gameOver.m4a */,
			);
			path = EffectSounds;
			sourceTree = "<group>";
		};
/* End PBXGroup section */

/* Begin PBXNativeTarget section */
		3D86032826B789330020B93F /* Project14 */ = {
			isa = PBXNativeTarget;
			buildConfigurationList = 3D86033E26B789340020B93F /* Build configuration list for PBXNativeTarget "Project14" */;
			buildPhases = (
				3D86032526B789330020B93F /* Sources */,
				3D86032626B789330020B93F /* Frameworks */,
				3D86032726B789330020B93F /* Resources */,
			);
			buildRules = (
			);
			dependencies = (
			);
			name = Project14;
			productName = Project14;
			productReference = 3D86032926B789330020B93F /* Project14.app */;
			productType = "com.apple.product-type.application";
		};
/* End PBXNativeTarget section */

/* Begin PBXProject section */
		3D86032126B789330020B93F /* Project object */ = {
			isa = PBXProject;
			attributes = {
				LastSwiftUpdateCheck = 1250;
				LastUpgradeCheck = 1250;
				TargetAttributes = {
					3D86032826B789330020B93F = {
						CreatedOnToolsVersion = 12.5.1;
					};
				};
			};
			buildConfigurationList = 3D86032426B789330020B93F /* Build configuration list for PBXProject "Project14" */;
			compatibilityVersion = "Xcode 9.3";
			developmentRegion = en;
			hasScannedForEncodings = 0;
			knownRegions = (
				en,
				Base,
			);
			mainGroup = 3D86032026B789330020B93F;
			productRefGroup = 3D86032A26B789330020B93F /* Products */;
			projectDirPath = "";
			projectRoot = "";
			targets = (
				3D86032826B789330020B93F /* Project14 */,
			);
		};
/* End PBXProject section */

/* Begin PBXResourcesBuildPhase section */
		3D86032726B789330020B93F /* Resources */ = {
			isa = PBXResourcesBuildPhase;
			buildActionMask = 2147483647;
			files = (
				3D86034426B78A270020B93F /* whackBad.caf in Resources */,
				3D86033826B789330020B93F /* Main.storyboard in Resources */,
				3DE64B4326B931A300B8F1E1 /* EmitterSmoke.sks in Resources */,
				3D86032F26B789330020B93F /* GameScene.sks in Resources */,
				3DE64B4026B92D9B00B8F1E1 /* gameOver.m4a in Resources */,
				3D86033A26B789340020B93F /* Assets.xcassets in Resources */,
				3D86034326B78A270020B93F /* whack.caf in Resources */,
			);
			runOnlyForDeploymentPostprocessing = 0;
		};
/* End PBXResourcesBuildPhase section */

/* Begin PBXSourcesBuildPhase section */
		3D86032526B789330020B93F /* Sources */ = {
			isa = PBXSourcesBuildPhase;
			buildActionMask = 2147483647;
			files = (
				3D86033326B789330020B93F /* GameScene.swift in Sources */,
				3DE64B4726B93ACE00B8F1E1 /* SKLabelNodes.swift in Sources */,
				3D86033526B789330020B93F /* GameViewController.swift in Sources */,
				3D86034626B78DE80020B93F /* WhackSlot.swift in Sources */,
				3D86032D26B789330020B93F /* AppDelegate.swift in Sources */,
			);
			runOnlyForDeploymentPostprocessing = 0;
		};
/* End PBXSourcesBuildPhase section */

/* Begin PBXVariantGroup section */
		3D86033626B789330020B93F /* Main.storyboard */ = {
			isa = PBXVariantGroup;
			children = (
				3D86033726B789330020B93F /* Base */,
			);
			name = Main.storyboard;
			sourceTree = "<group>";
		};
/* End PBXVariantGroup section */

/* Begin XCBuildConfiguration section */
		3D86033C26B789340020B93F /* Debug */ = {
			isa = XCBuildConfiguration;
			buildSettings = {
				ALWAYS_SEARCH_USER_PATHS = NO;
				CLANG_ANALYZER_NONNULL = YES;
				CLANG_ANALYZER_NUMBER_OBJECT_CONVERSION = YES_AGGRESSIVE;
				CLANG_CXX_LANGUAGE_STANDARD = "gnu++14";
				CLANG_CXX_LIBRARY = "libc++";
				CLANG_ENABLE_MODULES = YES;
				CLANG_ENABLE_OBJC_ARC = YES;
				CLANG_ENABLE_OBJC_WEAK = YES;
				CLANG_WARN_BLOCK_CAPTURE_AUTORELEASING = YES;
				CLANG_WARN_BOOL_CONVERSION = YES;
				CLANG_WARN_COMMA = YES;
				CLANG_WARN_CONSTANT_CONVERSION = YES;
				CLANG_WARN_DEPRECATED_OBJC_IMPLEMENTATIONS = YES;
				CLANG_WARN_DIRECT_OBJC_ISA_USAGE = YES_ERROR;
				CLANG_WARN_DOCUMENTATION_COMMENTS = YES;
				CLANG_WARN_EMPTY_BODY = YES;
				CLANG_WARN_ENUM_CONVERSION = YES;
				CLANG_WARN_INFINITE_RECURSION = YES;
				CLANG_WARN_INT_CONVERSION = YES;
				CLANG_WARN_NON_LITERAL_NULL_CONVERSION = YES;
				CLANG_WARN_OBJC_IMPLICIT_RETAIN_SELF = YES;
				CLANG_WARN_OBJC_LITERAL_CONVERSION = YES;
				CLANG_WARN_OBJC_ROOT_CLASS = YES_ERROR;
				CLANG_WARN_QUOTED_INCLUDE_IN_FRAMEWORK_HEADER = YES;
				CLANG_WARN_RANGE_LOOP_ANALYSIS = YES;
				CLANG_WARN_STRICT_PROTOTYPES = YES;
				CLANG_WARN_SUSPICIOUS_MOVE = YES;
				CLANG_WARN_UNGUARDED_AVAILABILITY = YES_AGGRESSIVE;
				CLANG_WARN_UNREACHABLE_CODE = YES;
				CLANG_WARN__DUPLICATE_METHOD_MATCH = YES;
				COPY_PHASE_STRIP = NO;
				DEBUG_INFORMATION_FORMAT = dwarf;
				ENABLE_STRICT_OBJC_MSGSEND = YES;
				ENABLE_TESTABILITY = YES;
				GCC_C_LANGUAGE_STANDARD = gnu11;
				GCC_DYNAMIC_NO_PIC = NO;
				GCC_NO_COMMON_BLOCKS = YES;
				GCC_OPTIMIZATION_LEVEL = 0;
				GCC_PREPROCESSOR_DEFINITIONS = (
					"DEBUG=1",
					"$(inherited)",
				);
				GCC_WARN_64_TO_32_BIT_CONVERSION = YES;
				GCC_WARN_ABOUT_RETURN_TYPE = YES_ERROR;
				GCC_WARN_UNDECLARED_SELECTOR = YES;
				GCC_WARN_UNINITIALIZED_AUTOS = YES_AGGRESSIVE;
				GCC_WARN_UNUSED_FUNCTION = YES;
				GCC_WARN_UNUSED_VARIABLE = YES;
				IPHONEOS_DEPLOYMENT_TARGET = 14.5;
				MTL_ENABLE_DEBUG_INFO = INCLUDE_SOURCE;
				MTL_FAST_MATH = YES;
				ONLY_ACTIVE_ARCH = YES;
				SDKROOT = iphoneos;
				SWIFT_ACTIVE_COMPILATION_CONDITIONS = DEBUG;
				SWIFT_OPTIMIZATION_LEVEL = "-Onone";
			};
			name = Debug;
		};
		3D86033D26B789340020B93F /* Release */ = {
			isa = XCBuildConfiguration;
			buildSettings = {
				ALWAYS_SEARCH_USER_PATHS = NO;
				CLANG_ANALYZER_NONNULL = YES;
				CLANG_ANALYZER_NUMBER_OBJECT_CONVERSION = YES_AGGRESSIVE;
				CLANG_CXX_LANGUAGE_STANDARD = "gnu++14";
				CLANG_CXX_LIBRARY = "libc++";
				CLANG_ENABLE_MODULES = YES;
				CLANG_ENABLE_OBJC_ARC = YES;
				CLANG_ENABLE_OBJC_WEAK = YES;
				CLANG_WARN_BLOCK_CAPTURE_AUTORELEASING = YES;
				CLANG_WARN_BOOL_CONVERSION = YES;
				CLANG_WARN_COMMA = YES;
				CLANG_WARN_CONSTANT_CONVERSION = YES;
				CLANG_WARN_DEPRECATED_OBJC_IMPLEMENTATIONS = YES;
				CLANG_WARN_DIRECT_OBJC_ISA_USAGE = YES_ERROR;
				CLANG_WARN_DOCUMENTATION_COMMENTS = YES;
				CLANG_WARN_EMPTY_BODY = YES;
				CLANG_WARN_ENUM_CONVERSION = YES;
				CLANG_WARN_INFINITE_RECURSION = YES;
				CLANG_WARN_INT_CONVERSION = YES;
				CLANG_WARN_NON_LITERAL_NULL_CONVERSION = YES;
				CLANG_WARN_OBJC_IMPLICIT_RETAIN_SELF = YES;
				CLANG_WARN_OBJC_LITERAL_CONVERSION = YES;
				CLANG_WARN_OBJC_ROOT_CLASS = YES_ERROR;
				CLANG_WARN_QUOTED_INCLUDE_IN_FRAMEWORK_HEADER = YES;
				CLANG_WARN_RANGE_LOOP_ANALYSIS = YES;
				CLANG_WARN_STRICT_PROTOTYPES = YES;
				CLANG_WARN_SUSPICIOUS_MOVE = YES;
				CLANG_WARN_UNGUARDED_AVAILABILITY = YES_AGGRESSIVE;
				CLANG_WARN_UNREACHABLE_CODE = YES;
				CLANG_WARN__DUPLICATE_METHOD_MATCH = YES;
				COPY_PHASE_STRIP = NO;
				DEBUG_INFORMATION_FORMAT = "dwarf-with-dsym";
				ENABLE_NS_ASSERTIONS = NO;
				ENABLE_STRICT_OBJC_MSGSEND = YES;
				GCC_C_LANGUAGE_STANDARD = gnu11;
				GCC_NO_COMMON_BLOCKS = YES;
				GCC_WARN_64_TO_32_BIT_CONVERSION = YES;
				GCC_WARN_ABOUT_RETURN_TYPE = YES_ERROR;
				GCC_WARN_UNDECLARED_SELECTOR = YES;
				GCC_WARN_UNINITIALIZED_AUTOS = YES_AGGRESSIVE;
				GCC_WARN_UNUSED_FUNCTION = YES;
				GCC_WARN_UNUSED_VARIABLE = YES;
				IPHONEOS_DEPLOYMENT_TARGET = 14.5;
				MTL_ENABLE_DEBUG_INFO = NO;
				MTL_FAST_MATH = YES;
				SDKROOT = iphoneos;
				SWIFT_COMPILATION_MODE = wholemodule;
				SWIFT_OPTIMIZATION_LEVEL = "-O";
				VALIDATE_PRODUCT = YES;
			};
			name = Release;
		};
		3D86033F26B789340020B93F /* Debug */ = {
			isa = XCBuildConfiguration;
			buildSettings = {
				ASSETCATALOG_COMPILER_APPICON_NAME = AppIcon;
				ASSETCATALOG_COMPILER_GLOBAL_ACCENT_COLOR_NAME = AccentColor;
				CODE_SIGN_STYLE = Automatic;
				DEVELOPMENT_TEAM = YUHDTGAY33;
				INFOPLIST_FILE = Project14/Info.plist;
				LD_RUNPATH_SEARCH_PATHS = (
					"$(inherited)",
					"@executable_path/Frameworks",
				);
				PRODUCT_BUNDLE_IDENTIFIER = hongjeongseob.Project14;
				PRODUCT_NAME = "$(TARGET_NAME)";
				SWIFT_VERSION = 5.0;
				TARGETED_DEVICE_FAMILY = 2;
			};
			name = Debug;
		};
		3D86034026B789340020B93F /* Release */ = {
			isa = XCBuildConfiguration;
			buildSettings = {
				ASSETCATALOG_COMPILER_APPICON_NAME = AppIcon;
				ASSETCATALOG_COMPILER_GLOBAL_ACCENT_COLOR_NAME = AccentColor;
				CODE_SIGN_STYLE = Automatic;
				DEVELOPMENT_TEAM = YUHDTGAY33;
				INFOPLIST_FILE = Project14/Info.plist;
				LD_RUNPATH_SEARCH_PATHS = (
					"$(inherited)",
					"@executable_path/Frameworks",
				);
				PRODUCT_BUNDLE_IDENTIFIER = hongjeongseob.Project14;
				PRODUCT_NAME = "$(TARGET_NAME)";
				SWIFT_VERSION = 5.0;
				TARGETED_DEVICE_FAMILY = 2;
			};
			name = Release;
		};
/* End XCBuildConfiguration section */

/* Begin XCConfigurationList section */
		3D86032426B789330020B93F /* Build configuration list for PBXProject "Project14" */ = {
			isa = XCConfigurationList;
			buildConfigurations = (
				3D86033C26B789340020B93F /* Debug */,
				3D86033D26B789340020B93F /* Release */,
			);
			defaultConfigurationIsVisible = 0;
			defaultConfigurationName = Release;
		};
		3D86033E26B789340020B93F /* Build configuration list for PBXNativeTarget "Project14" */ = {
			isa = XCConfigurationList;
			buildConfigurations = (
				3D86033F26B789340020B93F /* Debug */,
				3D86034026B789340020B93F /* Release */,
			);
			defaultConfigurationIsVisible = 0;
			defaultConfigurationName = Release;
		};
/* End XCConfigurationList section */
	};
	rootObject = 3D86032126B789330020B93F /* Project object */;
}
